{
  "version": 4,
  "terraform_version": "1.6.4",
  "serial": 49,
  "lineage": "0ee18a8e-a298-761d-db3c-3d79dc0d045d",
  "outputs": {},
  "resources": [
    {
      "module": "module.tf-yc-instance",
      "mode": "managed",
      "type": "yandex_compute_disk",
      "name": "secondary_disk",
      "provider": "provider[\"registry.terraform.io/yandex-cloud/yandex\"]",
      "instances": [
        {
          "schema_version": 0,
          "attributes": {
            "allow_recreate": null,
            "block_size": 4096,
            "created_at": "2023-11-17T23:05:26Z",
            "description": "",
            "disk_placement_policy": [
              {
                "disk_placement_group_id": ""
              }
            ],
            "folder_id": "b1gm68de4u794bg8egku",
            "id": "fhmepev1ctav61rbe49p",
            "image_id": "",
            "labels": null,
            "name": "var-partition-std-022-039",
            "product_ids": [],
            "size": 2,
            "snapshot_id": "",
            "status": "ready",
            "timeouts": null,
            "type": "network-hdd",
            "zone": "ru-central1-a"
          },
          "sensitive_attributes": [],
          "private": "eyJlMmJmYjczMC1lY2FhLTExZTYtOGY4OC0zNDM2M2JjN2M0YzAiOnsiY3JlYXRlIjozMDAwMDAwMDAwMDAsImRlbGV0ZSI6MzAwMDAwMDAwMDAwLCJ1cGRhdGUiOjMwMDAwMDAwMDAwMH19"
        }
      ]
    },
    {
      "module": "module.tf-yc-instance",
      "mode": "managed",
      "type": "yandex_compute_disk",
      "name": "thirdary_disk",
      "provider": "provider[\"registry.terraform.io/yandex-cloud/yandex\"]",
      "instances": [
        {
          "schema_version": 0,
          "attributes": {
            "allow_recreate": null,
            "block_size": 4096,
            "created_at": "2023-11-17T23:05:26Z",
            "description": "",
            "disk_placement_policy": [
              {
                "disk_placement_group_id": ""
              }
            ],
            "folder_id": "b1gm68de4u794bg8egku",
            "id": "fhmieq70b5b292v9rfrs",
            "image_id": "",
            "labels": null,
            "name": "log-partition-std-022-039",
            "product_ids": [],
            "size": 4,
            "snapshot_id": "",
            "status": "ready",
            "timeouts": null,
            "type": "network-hdd",
            "zone": "ru-central1-a"
          },
          "sensitive_attributes": [],
          "private": "eyJlMmJmYjczMC1lY2FhLTExZTYtOGY4OC0zNDM2M2JjN2M0YzAiOnsiY3JlYXRlIjozMDAwMDAwMDAwMDAsImRlbGV0ZSI6MzAwMDAwMDAwMDAwLCJ1cGRhdGUiOjMwMDAwMDAwMDAwMH19"
        }
      ]
    },
    {
      "module": "module.tf-yc-instance",
      "mode": "managed",
      "type": "yandex_compute_instance",
      "name": "vm-1",
      "provider": "provider[\"registry.terraform.io/yandex-cloud/yandex\"]",
      "instances": [
        {
          "schema_version": 1,
          "attributes": {
            "allow_recreate": null,
            "allow_stopping_for_update": null,
            "boot_disk": [
              {
                "auto_delete": true,
                "device_name": "fhm1pagphn8sd843ne0i",
                "disk_id": "fhm1pagphn8sd843ne0i",
                "initialize_params": [
                  {
                    "block_size": 4096,
                    "description": "",
                    "image_id": "fd80qm01ah03dkqb14lc",
                    "name": "",
                    "size": 50,
                    "snapshot_id": "",
                    "type": "network-hdd"
                  }
                ],
                "mode": "READ_WRITE"
              }
            ],
            "created_at": "2023-11-17T23:05:36Z",
            "description": "",
            "filesystem": [],
            "folder_id": "b1gm68de4u794bg8egku",
            "fqdn": "fhmgd03qs3fqq67m9l69.auto.internal",
            "gpu_cluster_id": "",
            "hostname": "",
            "id": "fhmgd03qs3fqq67m9l69",
            "labels": null,
            "local_disk": [],
            "metadata": {
              "user-data": "#cloud-config\r\nusers:\r\n  - name: ansible\r\n    groups: sudo\r\n    shell: /bin/bash\r\n    sudo: 'ALL=(ALL) NOPASSWD:ALL'\r\n    ssh-authorized-keys:\r\n      - 'ssh-rsa AAAAB3NzaC1yc2EAAAADAQABAAABgQCxyqQNM9kqpwK17qc744uWZfgyjNF+CFYkx5k3c3giJcThHbIsG9dyUnDdYVmU1dX/iBWpvtktarZscvm2ONgwkzt24KkSJfHbti76bpq2OTGgN270hHAhgDNJ+9exQ11YcC7HwtO3DhPw5moNvXPAMBppom3bCq0vpb2t1UyhCK9kxctMqAz+5qEmMeJqrI9Ot2MEX+zO0o7D7N+GywL1zArG7S6iYDdSjmprS5yJq3ldR+Iq8oDp1uqtFqTIFOV0ZDCJcKcZIyGVmHWxihrTxuVXr7Us0M0FVdak2w98A34pbKU2hwjUJh6vXuNIn91OInQNmsi1w8ezPTsOIe+Jz8aOPPTbPN9Y3kcyV91oMyDrSrU7WGo+UtHFw2fQT3n61UgKRPGfHg9Ioaw4KylxzVqlRICYgdFFKKclnAZktde6cLPjV+6oXoAxIkVJdvhcdVRmGh4E9apWeO2pECHRXihutKRTYU5kIgxnJKMfzV5zvZyWX48FVc+oTQ4osBE= ss@Skayloo'\r\n  - name: student\r\n    groups: sudo\r\n    shell: /bin/bash\r\n    sudo: 'ALL=(ALL) NOPASSWD:ALL'\r\n    ssh-authorized-keys:\r\n      - 'ssh-rsa AAAAB3NzaC1yc2EAAAADAQABAAABgQCxyqQNM9kqpwK17qc744uWZfgyjNF+CFYkx5k3c3giJcThHbIsG9dyUnDdYVmU1dX/iBWpvtktarZscvm2ONgwkzt24KkSJfHbti76bpq2OTGgN270hHAhgDNJ+9exQ11YcC7HwtO3DhPw5moNvXPAMBppom3bCq0vpb2t1UyhCK9kxctMqAz+5qEmMeJqrI9Ot2MEX+zO0o7D7N+GywL1zArG7S6iYDdSjmprS5yJq3ldR+Iq8oDp1uqtFqTIFOV0ZDCJcKcZIyGVmHWxihrTxuVXr7Us0M0FVdak2w98A34pbKU2hwjUJh6vXuNIn91OInQNmsi1w8ezPTsOIe+Jz8aOPPTbPN9Y3kcyV91oMyDrSrU7WGo+UtHFw2fQT3n61UgKRPGfHg9Ioaw4KylxzVqlRICYgdFFKKclnAZktde6cLPjV+6oXoAxIkVJdvhcdVRmGh4E9apWeO2pECHRXihutKRTYU5kIgxnJKMfzV5zvZyWX48FVc+oTQ4osBE= ss@Skayloo'"
            },
            "metadata_options": [
              {
                "aws_v1_http_endpoint": 1,
                "aws_v1_http_token": 2,
                "gce_http_endpoint": 1,
                "gce_http_token": 1
              }
            ],
            "name": "std-022-039",
            "network_acceleration_type": "standard",
            "network_interface": [
              {
                "dns_record": [],
                "index": 0,
                "ip_address": "10.128.0.69",
                "ipv4": true,
                "ipv6": false,
                "ipv6_address": "",
                "ipv6_dns_record": [],
                "mac_address": "d0:0d:10:68:07:ae",
                "nat": true,
                "nat_dns_record": [],
                "nat_ip_address": "51.250.78.133",
                "nat_ip_version": "IPV4",
                "security_group_ids": [],
                "subnet_id": "e9bmq2f27li3v3u21i30"
              }
            ],
            "placement_policy": [
              {
                "host_affinity_rules": [],
                "placement_group_id": ""
              }
            ],
            "platform_id": "standard-v1",
            "resources": [
              {
                "core_fraction": 100,
                "cores": 2,
                "gpus": 0,
                "memory": 4
              }
            ],
            "scheduling_policy": [
              {
                "preemptible": false
              }
            ],
            "secondary_disk": [
              {
                "auto_delete": false,
                "device_name": "fhmepev1ctav61rbe49p",
                "disk_id": "fhmepev1ctav61rbe49p",
                "mode": "READ_WRITE"
              },
              {
                "auto_delete": false,
                "device_name": "fhmieq70b5b292v9rfrs",
                "disk_id": "fhmieq70b5b292v9rfrs",
                "mode": "READ_WRITE"
              }
            ],
            "service_account_id": "",
            "status": "running",
            "timeouts": null,
            "zone": "ru-central1-a"
          },
          "sensitive_attributes": [],
          "private": "eyJlMmJmYjczMC1lY2FhLTExZTYtOGY4OC0zNDM2M2JjN2M0YzAiOnsiY3JlYXRlIjozMDAwMDAwMDAwMDAsImRlbGV0ZSI6MzAwMDAwMDAwMDAwLCJ1cGRhdGUiOjMwMDAwMDAwMDAwMH0sInNjaGVtYV92ZXJzaW9uIjoiMSJ9",
          "dependencies": [
            "module.tf-yc-instance.yandex_compute_disk.secondary_disk",
            "module.tf-yc-instance.yandex_compute_disk.thirdary_disk",
            "module.tf-yc-instance.yandex_vpc_address.addr"
          ]
        }
      ]
    },
    {
      "module": "module.tf-yc-instance",
      "mode": "managed",
      "type": "yandex_vpc_address",
      "name": "addr",
      "provider": "provider[\"registry.terraform.io/yandex-cloud/yandex\"]",
      "instances": [
        {
          "schema_version": 0,
          "attributes": {
            "created_at": "2023-11-17T23:05:27Z",
            "deletion_protection": false,
            "description": "",
            "external_ipv4_address": [
              {
                "address": "51.250.78.133",
                "ddos_protection_provider": "",
                "outgoing_smtp_capability": "",
                "zone_id": "ru-central1-a"
              }
            ],
            "folder_id": "b1gm68de4u794bg8egku",
            "id": "e9b367603u3uqfq59f68",
            "labels": {},
            "name": "vm-adress",
            "reserved": true,
            "timeouts": null,
            "used": false
          },
          "sensitive_attributes": [],
          "private": "eyJlMmJmYjczMC1lY2FhLTExZTYtOGY4OC0zNDM2M2JjN2M0YzAiOnsiY3JlYXRlIjozMDAwMDAwMDAwMCwiZGVsZXRlIjozMDAwMDAwMDAwMCwidXBkYXRlIjozMDAwMDAwMDAwMH19"
        }
      ]
    },
    {
      "module": "module.tf-yc-network",
      "mode": "data",
      "type": "yandex_vpc_network",
      "name": "default",
      "provider": "provider[\"registry.terraform.io/yandex-cloud/yandex\"]",
      "instances": [
        {
          "schema_version": 0,
          "attributes": {
            "created_at": "2023-09-01T07:10:29Z",
            "default_security_group_id": "",
            "description": "Auto-created network",
            "folder_id": "b1gm68de4u794bg8egku",
            "id": "enp2haiggmiv9eg1m30i",
            "labels": {},
            "name": "default",
            "network_id": "enp2haiggmiv9eg1m30i",
            "subnet_ids": [
              "b0ckojqoic2hm0qgplg7",
              "e2l6fgjquj0iq5mgol6e",
              "e9bmq2f27li3v3u21i30"
            ]
          },
          "sensitive_attributes": []
        }
      ]
    },
    {
      "module": "module.tf-yc-network",
      "mode": "data",
      "type": "yandex_vpc_subnet",
      "name": "default",
      "provider": "provider[\"registry.terraform.io/yandex-cloud/yandex\"]",
      "instances": [
        {
          "index_key": "ru-central1-a",
          "schema_version": 0,
          "attributes": {
            "created_at": "2023-09-01T07:10:29Z",
            "description": "Auto-created default subnet for zone ru-central1-a in default",
            "dhcp_options": [],
            "folder_id": "b1gm68de4u794bg8egku",
            "id": "e9bmq2f27li3v3u21i30",
            "labels": {},
            "name": "default-ru-central1-a",
            "network_id": "enp2haiggmiv9eg1m30i",
            "route_table_id": "",
            "subnet_id": "e9bmq2f27li3v3u21i30",
            "v4_cidr_blocks": [
              "10.128.0.0/24"
            ],
            "v6_cidr_blocks": [],
            "zone": "ru-central1-a"
          },
          "sensitive_attributes": []
        },
        {
          "index_key": "ru-central1-b",
          "schema_version": 0,
          "attributes": {
            "created_at": "2023-09-01T07:10:29Z",
            "description": "Auto-created default subnet for zone ru-central1-b in default",
            "dhcp_options": [],
            "folder_id": "b1gm68de4u794bg8egku",
            "id": "e2l6fgjquj0iq5mgol6e",
            "labels": {},
            "name": "default-ru-central1-b",
            "network_id": "enp2haiggmiv9eg1m30i",
            "route_table_id": "",
            "subnet_id": "e2l6fgjquj0iq5mgol6e",
            "v4_cidr_blocks": [
              "10.129.0.0/24"
            ],
            "v6_cidr_blocks": [],
            "zone": "ru-central1-b"
          },
          "sensitive_attributes": []
        },
        {
          "index_key": "ru-central1-c",
          "schema_version": 0,
          "attributes": {
            "created_at": "2023-09-01T07:10:30Z",
            "description": "Auto-created default subnet for zone ru-central1-c in default",
            "dhcp_options": [],
            "folder_id": "b1gm68de4u794bg8egku",
            "id": "b0ckojqoic2hm0qgplg7",
            "labels": {},
            "name": "default-ru-central1-c",
            "network_id": "enp2haiggmiv9eg1m30i",
            "route_table_id": "",
            "subnet_id": "b0ckojqoic2hm0qgplg7",
            "v4_cidr_blocks": [
              "10.130.0.0/24"
            ],
            "v6_cidr_blocks": [],
            "zone": "ru-central1-c"
          },
          "sensitive_attributes": []
        }
      ]
    }
  ],
  "check_results": null
}
